
Microsoft Visual Studio Solution File, Format Version 12.00
# Visual Studio Version 17
VisualStudioVersion = 17.13.35507.96
MinimumVisualStudioVersion = 10.0.40219.1
Project("{FAE04EC0-301F-11D3-BF4B-00C04F79EFBC}") = "Automata.Visualization", "Automata.Visualization\Automata.Visualization.csproj", "{E647217E-991F-441F-AA8C-20A1F263B0BD}"
EndProject
Project("{FAE04EC0-301F-11D3-BF4B-00C04F79EFBC}") = "Automata.App", "Automata.App\Automata.App.csproj", "{3C358BE7-4B0F-4754-B327-F7011ECD9931}"
EndProject
Project("{2150E333-8FDC-42A3-9474-1A3956D46DE8}") = "Solution Items", "Solution Items", "{8EC462FD-D22E-90A8-E5CE-7E832BA40C5D}"
	ProjectSection(SolutionItems) = preProject
		Build DocFX docs_README.txt = Build DocFX docs_README.txt
		docs\docfx.json = docs\docfx.json
		docs\index.md = docs\index.md
		README.md = README.md
		Release.md = Release.md
	EndProjectSection
EndProject
Project("{FAE04EC0-301F-11D3-BF4B-00C04F79EFBC}") = "Automata.Core", "Automata.Core\Automata.Core.csproj", "{11BBFBA4-41BF-415E-A585-7F873040F1A7}"
EndProject
Project("{2150E333-8FDC-42A3-9474-1A3956D46DE8}") = "docs-src", "docs-src", "{02EA681E-C7D8-13C7-8484-4AC65E1B71E8}"
	ProjectSection(SolutionItems) = preProject
		docs-src\.nojekyll = docs-src\.nojekyll
		docs-src\docfx.json = docs-src\docfx.json
		docs-src\index.md = docs-src\index.md
	EndProjectSection
EndProject
Global
	GlobalSection(SolutionConfigurationPlatforms) = preSolution
		Debug|Any CPU = Debug|Any CPU
		Release|Any CPU = Release|Any CPU
	EndGlobalSection
	GlobalSection(ProjectConfigurationPlatforms) = postSolution
		{E647217E-991F-441F-AA8C-20A1F263B0BD}.Debug|Any CPU.ActiveCfg = Debug|Any CPU
		{E647217E-991F-441F-AA8C-20A1F263B0BD}.Debug|Any CPU.Build.0 = Debug|Any CPU
		{E647217E-991F-441F-AA8C-20A1F263B0BD}.Release|Any CPU.ActiveCfg = Release|Any CPU
		{E647217E-991F-441F-AA8C-20A1F263B0BD}.Release|Any CPU.Build.0 = Release|Any CPU
		{3C358BE7-4B0F-4754-B327-F7011ECD9931}.Debug|Any CPU.ActiveCfg = Debug|Any CPU
		{3C358BE7-4B0F-4754-B327-F7011ECD9931}.Debug|Any CPU.Build.0 = Debug|Any CPU
		{3C358BE7-4B0F-4754-B327-F7011ECD9931}.Release|Any CPU.ActiveCfg = Release|Any CPU
		{3C358BE7-4B0F-4754-B327-F7011ECD9931}.Release|Any CPU.Build.0 = Release|Any CPU
		{11BBFBA4-41BF-415E-A585-7F873040F1A7}.Debug|Any CPU.ActiveCfg = Debug|Any CPU
		{11BBFBA4-41BF-415E-A585-7F873040F1A7}.Debug|Any CPU.Build.0 = Debug|Any CPU
		{11BBFBA4-41BF-415E-A585-7F873040F1A7}.Release|Any CPU.ActiveCfg = Release|Any CPU
		{11BBFBA4-41BF-415E-A585-7F873040F1A7}.Release|Any CPU.Build.0 = Release|Any CPU
	EndGlobalSection
	GlobalSection(SolutionProperties) = preSolution
		HideSolutionNode = FALSE
	EndGlobalSection
	GlobalSection(NestedProjects) = preSolution
		{02EA681E-C7D8-13C7-8484-4AC65E1B71E8} = {8EC462FD-D22E-90A8-E5CE-7E832BA40C5D}
	EndGlobalSection
	GlobalSection(ExtensibilityGlobals) = postSolution
		SolutionGuid = {02B43C61-CCCB-48D1-BE9D-AA85C2110079}
	EndGlobalSection
EndGlobal
